Microsoft Visual Studio Solution File, Format Version 12.00
# Visual Studio Version 17
VisualStudioVersion = 17.2.32602.215
MinimumVisualStudioVersion = 10.0.40219.1
Project("{9A19103F-16F7-4668-BE54-9A1E7A4F7556}") = "FriksyMouse.MaterialSkin", "src\FriskyMouse.MaterialSkin\FriksyMouse.MaterialSkin.csproj", "{8EB7611B-68CD-4B8B-987A-11717E2B250C}"
EndProject
Project("{9A19103F-16F7-4668-BE54-9A1E7A4F7556}") = "FriskyMouse.Drawing", "src\FriskyMouse.Drawing\FriskyMouse.Drawing.csproj", "{CFDEDB57-F245-4C59-B4A9-399ABEE95A6E}"
EndProject
Project("{9A19103F-16F7-4668-BE54-9A1E7A4F7556}") = "FriskyMouse", "src\FriskyMouse\FriskyMouse.csproj", "{6485BEA9-30E5-4109-8854-DDE377C0C76B}"
EndProject
Project("{C7167F0D-BC9F-4E6E-AFE1-012C56B48DB5}") = "FriskyMouse.InstallerMSIX", "src\FriskyMouse.Installer\FriskyMouse.InstallerMSIX.wapproj", "{01960488-C9F4-4444-A67D-75D5BDBBC2F1}"
EndProject
Global
	GlobalSection(SolutionConfigurationPlatforms) = preSolution
		Debug|Any CPU = Debug|Any CPU
		Debug|ARM = Debug|ARM
		Debug|ARM64 = Debug|ARM64
		Debug|x64 = Debug|x64
		Debug|x86 = Debug|x86
		MicrosoftStore|Any CPU = MicrosoftStore|Any CPU
		MicrosoftStore|ARM = MicrosoftStore|ARM
		MicrosoftStore|ARM64 = MicrosoftStore|ARM64
		MicrosoftStore|x64 = MicrosoftStore|x64
		MicrosoftStore|x86 = MicrosoftStore|x86
		Portable|Any CPU = Portable|Any CPU
		Portable|ARM = Portable|ARM
		Portable|ARM64 = Portable|ARM64
		Portable|x64 = Portable|x64
		Portable|x86 = Portable|x86
		Release|Any CPU = Release|Any CPU
		Release|ARM = Release|ARM
		Release|ARM64 = Release|ARM64
		Release|x64 = Release|x64
		Release|x86 = Release|x86
		SelfContained|Any CPU = SelfContained|Any CPU
		SelfContained|ARM = SelfContained|ARM
		SelfContained|ARM64 = SelfContained|ARM64
		SelfContained|x64 = SelfContained|x64
		SelfContained|x86 = SelfContained|x86
	EndGlobalSection
	GlobalSection(ProjectConfigurationPlatforms) = postSolution
		{8EB7611B-68CD-4B8B-987A-11717E2B250C}.Debug|Any CPU.ActiveCfg = Debug|Any CPU
		{8EB7611B-68CD-4B8B-987A-11717E2B250C}.Debug|Any CPU.Build.0 = Debug|Any CPU
		{8EB7611B-68CD-4B8B-987A-11717E2B250C}.Debug|ARM.ActiveCfg = Debug|Any CPU
		{8EB7611B-68CD-4B8B-987A-11717E2B250C}.Debug|ARM.Build.0 = Debug|Any CPU
		{8EB7611B-68CD-4B8B-987A-11717E2B250C}.Debug|ARM64.ActiveCfg = Debug|Any CPU
		{8EB7611B-68CD-4B8B-987A-11717E2B250C}.Debug|ARM64.Build.0 = Debug|Any CPU
		{8EB7611B-68CD-4B8B-987A-11717E2B250C}.Debug|x64.ActiveCfg = Debug|Any CPU
		{8EB7611B-68CD-4B8B-987A-11717E2B250C}.Debug|x64.Build.0 = Debug|Any CPU
		{8EB7611B-68CD-4B8B-987A-11717E2B250C}.Debug|x86.ActiveCfg = Debug|Any CPU
		{8EB7611B-68CD-4B8B-987A-11717E2B250C}.Debug|x86.Build.0 = Debug|Any CPU
		{8EB7611B-68CD-4B8B-987A-11717E2B250C}.MicrosoftStore|Any CPU.ActiveCfg = MicrosoftStore|Any CPU
		{8EB7611B-68CD-4B8B-987A-11717E2B250C}.MicrosoftStore|Any CPU.Build.0 = MicrosoftStore|Any CPU
		{8EB7611B-68CD-4B8B-987A-11717E2B250C}.MicrosoftStore|ARM.ActiveCfg = MicrosoftStore|Any CPU
		{8EB7611B-68CD-4B8B-987A-11717E2B250C}.MicrosoftStore|ARM.Build.0 = MicrosoftStore|Any CPU
		{8EB7611B-68CD-4B8B-987A-11717E2B250C}.MicrosoftStore|ARM64.ActiveCfg = MicrosoftStore|Any CPU
		{8EB7611B-68CD-4B8B-987A-11717E2B250C}.MicrosoftStore|ARM64.Build.0 = MicrosoftStore|Any CPU
		{8EB7611B-68CD-4B8B-987A-11717E2B250C}.MicrosoftStore|x64.ActiveCfg = MicrosoftStore|Any CPU
		{8EB7611B-68CD-4B8B-987A-11717E2B250C}.MicrosoftStore|x64.Build.0 = MicrosoftStore|Any CPU
		{8EB7611B-68CD-4B8B-987A-11717E2B250C}.MicrosoftStore|x86.ActiveCfg = MicrosoftStore|Any CPU
		{8EB7611B-68CD-4B8B-987A-11717E2B250C}.MicrosoftStore|x86.Build.0 = MicrosoftStore|Any CPU
		{8EB7611B-68CD-4B8B-987A-11717E2B250C}.Portable|Any CPU.ActiveCfg = Portable|Any CPU
		{8EB7611B-68CD-4B8B-987A-11717E2B250C}.Portable|Any CPU.Build.0 = Portable|Any CPU
		{8EB7611B-68CD-4B8B-987A-11717E2B250C}.Portable|ARM.ActiveCfg = Portable|Any CPU
		{8EB7611B-68CD-4B8B-987A-11717E2B250C}.Portable|ARM.Build.0 = Portable|Any CPU
		{8EB7611B-68CD-4B8B-987A-11717E2B250C}.Portable|ARM64.ActiveCfg = Portable|Any CPU
		{8EB7611B-68CD-4B8B-987A-11717E2B250C}.Portable|ARM64.Build.0 = Portable|Any CPU
		{8EB7611B-68CD-4B8B-987A-11717E2B250C}.Portable|x64.ActiveCfg = Portable|Any CPU
		{8EB7611B-68CD-4B8B-987A-11717E2B250C}.Portable|x64.Build.0 = Portable|Any CPU
		{8EB7611B-68CD-4B8B-987A-11717E2B250C}.Portable|x86.ActiveCfg = Portable|Any CPU
		{8EB7611B-68CD-4B8B-987A-11717E2B250C}.Portable|x86.Build.0 = Portable|Any CPU
		{8EB7611B-68CD-4B8B-987A-11717E2B250C}.Release|Any CPU.ActiveCfg = Release|Any CPU
		{8EB7611B-68CD-4B8B-987A-11717E2B250C}.Release|Any CPU.Build.0 = Release|Any CPU
		{8EB7611B-68CD-4B8B-987A-11717E2B250C}.Release|ARM.ActiveCfg = Release|Any CPU
		{8EB7611B-68CD-4B8B-987A-11717E2B250C}.Release|ARM.Build.0 = Release|Any CPU
		{8EB7611B-68CD-4B8B-987A-11717E2B250C}.Release|ARM64.ActiveCfg = Release|Any CPU
		{8EB7611B-68CD-4B8B-987A-11717E2B250C}.Release|ARM64.Build.0 = Release|Any CPU
		{8EB7611B-68CD-4B8B-987A-11717E2B250C}.Release|x64.ActiveCfg = Release|Any CPU
		{8EB7611B-68CD-4B8B-987A-11717E2B250C}.Release|x64.Build.0 = Release|Any CPU
		{8EB7611B-68CD-4B8B-987A-11717E2B250C}.Release|x86.ActiveCfg = Release|Any CPU
		{8EB7611B-68CD-4B8B-987A-11717E2B250C}.Release|x86.Build.0 = Release|Any CPU
		{8EB7611B-68CD-4B8B-987A-11717E2B250C}.SelfContained|Any CPU.ActiveCfg = SelfContained|Any CPU
		{8EB7611B-68CD-4B8B-987A-11717E2B250C}.SelfContained|Any CPU.Build.0 = SelfContained|Any CPU
		{8EB7611B-68CD-4B8B-987A-11717E2B250C}.SelfContained|ARM.ActiveCfg = SelfContained|Any CPU
		{8EB7611B-68CD-4B8B-987A-11717E2B250C}.SelfContained|ARM.Build.0 = SelfContained|Any CPU
		{8EB7611B-68CD-4B8B-987A-11717E2B250C}.SelfContained|ARM64.ActiveCfg = SelfContained|Any CPU
		{8EB7611B-68CD-4B8B-987A-11717E2B250C}.SelfContained|ARM64.Build.0 = SelfContained|Any CPU
		{8EB7611B-68CD-4B8B-987A-11717E2B250C}.SelfContained|x64.ActiveCfg = SelfContained|Any CPU
		{8EB7611B-68CD-4B8B-987A-11717E2B250C}.SelfContained|x64.Build.0 = SelfContained|Any CPU
		{8EB7611B-68CD-4B8B-987A-11717E2B250C}.SelfContained|x86.ActiveCfg = SelfContained|Any CPU
		{8EB7611B-68CD-4B8B-987A-11717E2B250C}.SelfContained|x86.Build.0 = SelfContained|Any CPU
		{CFDEDB57-F245-4C59-B4A9-399ABEE95A6E}.Debug|Any CPU.ActiveCfg = Debug|Any CPU
		{CFDEDB57-F245-4C59-B4A9-399ABEE95A6E}.Debug|Any CPU.Build.0 = Debug|Any CPU
		{CFDEDB57-F245-4C59-B4A9-399ABEE95A6E}.Debug|ARM.ActiveCfg = Debug|Any CPU
		{CFDEDB57-F245-4C59-B4A9-399ABEE95A6E}.Debug|ARM.Build.0 = Debug|Any CPU
		{CFDEDB57-F245-4C59-B4A9-399ABEE95A6E}.Debug|ARM64.ActiveCfg = Debug|Any CPU
		{CFDEDB57-F245-4C59-B4A9-399ABEE95A6E}.Debug|ARM64.Build.0 = Debug|Any CPU
		{CFDEDB57-F245-4C59-B4A9-399ABEE95A6E}.Debug|x64.ActiveCfg = Debug|Any CPU
		{CFDEDB57-F245-4C59-B4A9-399ABEE95A6E}.Debug|x64.Build.0 = Debug|Any CPU
		{CFDEDB57-F245-4C59-B4A9-399ABEE95A6E}.Debug|x86.ActiveCfg = Debug|Any CPU
		{CFDEDB57-F245-4C59-B4A9-399ABEE95A6E}.Debug|x86.Build.0 = Debug|Any CPU
		{CFDEDB57-F245-4C59-B4A9-399ABEE95A6E}.MicrosoftStore|Any CPU.ActiveCfg = MicrosoftStore|Any CPU
		{CFDEDB57-F245-4C59-B4A9-399ABEE95A6E}.MicrosoftStore|Any CPU.Build.0 = MicrosoftStore|Any CPU
		{CFDEDB57-F245-4C59-B4A9-399ABEE95A6E}.MicrosoftStore|ARM.ActiveCfg = MicrosoftStore|Any CPU
		{CFDEDB57-F245-4C59-B4A9-399ABEE95A6E}.MicrosoftStore|ARM.Build.0 = MicrosoftStore|Any CPU
		{CFDEDB57-F245-4C59-B4A9-399ABEE95A6E}.MicrosoftStore|ARM64.ActiveCfg = MicrosoftStore|Any CPU
		{CFDEDB57-F245-4C59-B4A9-399ABEE95A6E}.MicrosoftStore|ARM64.Build.0 = MicrosoftStore|Any CPU
		{CFDEDB57-F245-4C59-B4A9-399ABEE95A6E}.MicrosoftStore|x64.ActiveCfg = MicrosoftStore|x64
		{CFDEDB57-F245-4C59-B4A9-399ABEE95A6E}.MicrosoftStore|x64.Build.0 = MicrosoftStore|x64
		{CFDEDB57-F245-4C59-B4A9-399ABEE95A6E}.MicrosoftStore|x86.ActiveCfg = MicrosoftStore|Any CPU
		{CFDEDB57-F245-4C59-B4A9-399ABEE95A6E}.MicrosoftStore|x86.Build.0 = MicrosoftStore|Any CPU
		{CFDEDB57-F245-4C59-B4A9-399ABEE95A6E}.Portable|Any CPU.ActiveCfg = Portable|Any CPU
		{CFDEDB57-F245-4C59-B4A9-399ABEE95A6E}.Portable|Any CPU.Build.0 = Portable|Any CPU
		{CFDEDB57-F245-4C59-B4A9-399ABEE95A6E}.Portable|ARM.ActiveCfg = Portable|Any CPU
		{CFDEDB57-F245-4C59-B4A9-399ABEE95A6E}.Portable|ARM.Build.0 = Portable|Any CPU
		{CFDEDB57-F245-4C59-B4A9-399ABEE95A6E}.Portable|ARM64.ActiveCfg = Portable|Any CPU
		{CFDEDB57-F245-4C59-B4A9-399ABEE95A6E}.Portable|ARM64.Build.0 = Portable|Any CPU
		{CFDEDB57-F245-4C59-B4A9-399ABEE95A6E}.Portable|x64.ActiveCfg = Portable|x64
		{CFDEDB57-F245-4C59-B4A9-399ABEE95A6E}.Portable|x64.Build.0 = Portable|x64
		{CFDEDB57-F245-4C59-B4A9-399ABEE95A6E}.Portable|x86.ActiveCfg = Portable|Any CPU
		{CFDEDB57-F245-4C59-B4A9-399ABEE95A6E}.Portable|x86.Build.0 = Portable|Any CPU
		{CFDEDB57-F245-4C59-B4A9-399ABEE95A6E}.Release|Any CPU.ActiveCfg = Release|Any CPU
		{CFDEDB57-F245-4C59-B4A9-399ABEE95A6E}.Release|Any CPU.Build.0 = Release|Any CPU
		{CFDEDB57-F245-4C59-B4A9-399ABEE95A6E}.Release|ARM.ActiveCfg = Release|Any CPU
		{CFDEDB57-F245-4C59-B4A9-399ABEE95A6E}.Release|ARM.Build.0 = Release|Any CPU
		{CFDEDB57-F245-4C59-B4A9-399ABEE95A6E}.Release|ARM64.ActiveCfg = Release|Any CPU
		{CFDEDB57-F245-4C59-B4A9-399ABEE95A6E}.Release|ARM64.Build.0 = Release|Any CPU
		{CFDEDB57-F245-4C59-B4A9-399ABEE95A6E}.Release|x64.ActiveCfg = Release|Any CPU
		{CFDEDB57-F245-4C59-B4A9-399ABEE95A6E}.Release|x64.Build.0 = Release|Any CPU
		{CFDEDB57-F245-4C59-B4A9-399ABEE95A6E}.Release|x86.ActiveCfg = Release|Any CPU
		{CFDEDB57-F245-4C59-B4A9-399ABEE95A6E}.Release|x86.Build.0 = Release|Any CPU
		{CFDEDB57-F245-4C59-B4A9-399ABEE95A6E}.SelfContained|Any CPU.ActiveCfg = SelfContained|Any CPU
		{CFDEDB57-F245-4C59-B4A9-399ABEE95A6E}.SelfContained|Any CPU.Build.0 = SelfContained|Any CPU
		{CFDEDB57-F245-4C59-B4A9-399ABEE95A6E}.SelfContained|ARM.ActiveCfg = SelfContained|Any CPU
		{CFDEDB57-F245-4C59-B4A9-399ABEE95A6E}.SelfContained|ARM.Build.0 = SelfContained|Any CPU
		{CFDEDB57-F245-4C59-B4A9-399ABEE95A6E}.SelfContained|ARM64.ActiveCfg = SelfContained|Any CPU
		{CFDEDB57-F245-4C59-B4A9-399ABEE95A6E}.SelfContained|ARM64.Build.0 = SelfContained|Any CPU
		{CFDEDB57-F245-4C59-B4A9-399ABEE95A6E}.SelfContained|x64.ActiveCfg = SelfContained|x64
		{CFDEDB57-F245-4C59-B4A9-399ABEE95A6E}.SelfContained|x64.Build.0 = SelfContained|x64
		{CFDEDB57-F245-4C59-B4A9-399ABEE95A6E}.SelfContained|x86.ActiveCfg = SelfContained|Any CPU
		{CFDEDB57-F245-4C59-B4A9-399ABEE95A6E}.SelfContained|x86.Build.0 = SelfContained|Any CPU
		{6485BEA9-30E5-4109-8854-DDE377C0C76B}.Debug|Any CPU.ActiveCfg = Debug|Any CPU
		{6485BEA9-30E5-4109-8854-DDE377C0C76B}.Debug|Any CPU.Build.0 = Debug|Any CPU
		{6485BEA9-30E5-4109-8854-DDE377C0C76B}.Debug|ARM.ActiveCfg = Debug|Any CPU
		{6485BEA9-30E5-4109-8854-DDE377C0C76B}.Debug|ARM.Build.0 = Debug|Any CPU
		{6485BEA9-30E5-4109-8854-DDE377C0C76B}.Debug|ARM64.ActiveCfg = Debug|Any CPU
		{6485BEA9-30E5-4109-8854-DDE377C0C76B}.Debug|ARM64.Build.0 = Debug|Any CPU
		{6485BEA9-30E5-4109-8854-DDE377C0C76B}.Debug|x64.ActiveCfg = Debug|Any CPU
		{6485BEA9-30E5-4109-8854-DDE377C0C76B}.Debug|x64.Build.0 = Debug|Any CPU
		{6485BEA9-30E5-4109-8854-DDE377C0C76B}.Debug|x86.ActiveCfg = Debug|Any CPU
		{6485BEA9-30E5-4109-8854-DDE377C0C76B}.Debug|x86.Build.0 = Debug|Any CPU
		{6485BEA9-30E5-4109-8854-DDE377C0C76B}.MicrosoftStore|Any CPU.ActiveCfg = MicrosoftStore|Any CPU
		{6485BEA9-30E5-4109-8854-DDE377C0C76B}.MicrosoftStore|Any CPU.Build.0 = MicrosoftStore|Any CPU
		{6485BEA9-30E5-4109-8854-DDE377C0C76B}.MicrosoftStore|ARM.ActiveCfg = MicrosoftStore|Any CPU
		{6485BEA9-30E5-4109-8854-DDE377C0C76B}.MicrosoftStore|ARM.Build.0 = MicrosoftStore|Any CPU
		{6485BEA9-30E5-4109-8854-DDE377C0C76B}.MicrosoftStore|ARM64.ActiveCfg = MicrosoftStore|Any CPU
		{6485BEA9-30E5-4109-8854-DDE377C0C76B}.MicrosoftStore|ARM64.Build.0 = MicrosoftStore|Any CPU
		{6485BEA9-30E5-4109-8854-DDE377C0C76B}.MicrosoftStore|x64.ActiveCfg = MicrosoftStore|x64
		{6485BEA9-30E5-4109-8854-DDE377C0C76B}.MicrosoftStore|x64.Build.0 = MicrosoftStore|x64
		{6485BEA9-30E5-4109-8854-DDE377C0C76B}.MicrosoftStore|x86.ActiveCfg = MicrosoftStore|Any CPU
		{6485BEA9-30E5-4109-8854-DDE377C0C76B}.MicrosoftStore|x86.Build.0 = MicrosoftStore|Any CPU
		{6485BEA9-30E5-4109-8854-DDE377C0C76B}.Portable|Any CPU.ActiveCfg = Portable|Any CPU
		{6485BEA9-30E5-4109-8854-DDE377C0C76B}.Portable|Any CPU.Build.0 = Portable|Any CPU
		{6485BEA9-30E5-4109-8854-DDE377C0C76B}.Portable|ARM.ActiveCfg = Portable|Any CPU
		{6485BEA9-30E5-4109-8854-DDE377C0C76B}.Portable|ARM.Build.0 = Portable|Any CPU
		{6485BEA9-30E5-4109-8854-DDE377C0C76B}.Portable|ARM64.ActiveCfg = Portable|Any CPU
		{6485BEA9-30E5-4109-8854-DDE377C0C76B}.Portable|ARM64.Build.0 = Portable|Any CPU
		{6485BEA9-30E5-4109-8854-DDE377C0C76B}.Portable|x64.ActiveCfg = Portable|x64
		{6485BEA9-30E5-4109-8854-DDE377C0C76B}.Portable|x64.Build.0 = Portable|x64
		{6485BEA9-30E5-4109-8854-DDE377C0C76B}.Portable|x86.ActiveCfg = Portable|Any CPU
		{6485BEA9-30E5-4109-8854-DDE377C0C76B}.Portable|x86.Build.0 = Portable|Any CPU
		{6485BEA9-30E5-4109-8854-DDE377C0C76B}.Release|Any CPU.ActiveCfg = Release|Any CPU
		{6485BEA9-30E5-4109-8854-DDE377C0C76B}.Release|Any CPU.Build.0 = Release|Any CPU
		{6485BEA9-30E5-4109-8854-DDE377C0C76B}.Release|ARM.ActiveCfg = Release|Any CPU
		{6485BEA9-30E5-4109-8854-DDE377C0C76B}.Release|ARM.Build.0 = Release|Any CPU
		{6485BEA9-30E5-4109-8854-DDE377C0C76B}.Release|ARM64.ActiveCfg = Release|Any CPU
		{6485BEA9-30E5-4109-8854-DDE377C0C76B}.Release|ARM64.Build.0 = Release|Any CPU
		{6485BEA9-30E5-4109-8854-DDE377C0C76B}.Release|x64.ActiveCfg = Release|x64
		{6485BEA9-30E5-4109-8854-DDE377C0C76B}.Release|x64.Build.0 = Release|x64
		{6485BEA9-30E5-4109-8854-DDE377C0C76B}.Release|x86.ActiveCfg = Release|Any CPU
		{6485BEA9-30E5-4109-8854-DDE377C0C76B}.Release|x86.Build.0 = Release|Any CPU
		{6485BEA9-30E5-4109-8854-DDE377C0C76B}.SelfContained|Any CPU.ActiveCfg = SelfContained|Any CPU
		{6485BEA9-30E5-4109-8854-DDE377C0C76B}.SelfContained|Any CPU.Build.0 = SelfContained|Any CPU
		{6485BEA9-30E5-4109-8854-DDE377C0C76B}.SelfContained|ARM.ActiveCfg = SelfContained|Any CPU
		{6485BEA9-30E5-4109-8854-DDE377C0C76B}.SelfContained|ARM.Build.0 = SelfContained|Any CPU
		{6485BEA9-30E5-4109-8854-DDE377C0C76B}.SelfContained|ARM64.ActiveCfg = SelfContained|Any CPU
		{6485BEA9-30E5-4109-8854-DDE377C0C76B}.SelfContained|ARM64.Build.0 = SelfContained|Any CPU
		{6485BEA9-30E5-4109-8854-DDE377C0C76B}.SelfContained|x64.ActiveCfg = SelfContained|x64
		{6485BEA9-30E5-4109-8854-DDE377C0C76B}.SelfContained|x64.Build.0 = SelfContained|x64
		{6485BEA9-30E5-4109-8854-DDE377C0C76B}.SelfContained|x86.ActiveCfg = SelfContained|Any CPU
		{6485BEA9-30E5-4109-8854-DDE377C0C76B}.SelfContained|x86.Build.0 = SelfContained|Any CPU
		{01960488-C9F4-4444-A67D-75D5BDBBC2F1}.Debug|Any CPU.ActiveCfg = Debug|Any CPU
		{01960488-C9F4-4444-A67D-75D5BDBBC2F1}.Debug|Any CPU.Build.0 = Debug|Any CPU
		{01960488-C9F4-4444-A67D-75D5BDBBC2F1}.Debug|Any CPU.Deploy.0 = Debug|Any CPU
		{01960488-C9F4-4444-A67D-75D5BDBBC2F1}.Debug|ARM.ActiveCfg = Debug|ARM
		{01960488-C9F4-4444-A67D-75D5BDBBC2F1}.Debug|ARM.Build.0 = Debug|ARM
		{01960488-C9F4-4444-A67D-75D5BDBBC2F1}.Debug|ARM.Deploy.0 = Debug|ARM
		{01960488-C9F4-4444-A67D-75D5BDBBC2F1}.Debug|ARM64.ActiveCfg = Debug|ARM64
		{01960488-C9F4-4444-A67D-75D5BDBBC2F1}.Debug|ARM64.Build.0 = Debug|ARM64
		{01960488-C9F4-4444-A67D-75D5BDBBC2F1}.Debug|ARM64.Deploy.0 = Debug|ARM64
		{01960488-C9F4-4444-A67D-75D5BDBBC2F1}.Debug|x64.ActiveCfg = Debug|x64
		{01960488-C9F4-4444-A67D-75D5BDBBC2F1}.Debug|x64.Build.0 = Debug|x64
		{01960488-C9F4-4444-A67D-75D5BDBBC2F1}.Debug|x64.Deploy.0 = Debug|x64
		{01960488-C9F4-4444-A67D-75D5BDBBC2F1}.Debug|x86.ActiveCfg = Debug|x86
		{01960488-C9F4-4444-A67D-75D5BDBBC2F1}.Debug|x86.Build.0 = Debug|x86
		{01960488-C9F4-4444-A67D-75D5BDBBC2F1}.Debug|x86.Deploy.0 = Debug|x86
		{01960488-C9F4-4444-A67D-75D5BDBBC2F1}.MicrosoftStore|Any CPU.ActiveCfg = Release|Any CPU
		{01960488-C9F4-4444-A67D-75D5BDBBC2F1}.MicrosoftStore|Any CPU.Build.0 = Release|Any CPU
		{01960488-C9F4-4444-A67D-75D5BDBBC2F1}.MicrosoftStore|Any CPU.Deploy.0 = Release|Any CPU
		{01960488-C9F4-4444-A67D-75D5BDBBC2F1}.MicrosoftStore|ARM.ActiveCfg = Debug|ARM
		{01960488-C9F4-4444-A67D-75D5BDBBC2F1}.MicrosoftStore|ARM.Build.0 = Debug|ARM
		{01960488-C9F4-4444-A67D-75D5BDBBC2F1}.MicrosoftStore|ARM.Deploy.0 = Debug|ARM
		{01960488-C9F4-4444-A67D-75D5BDBBC2F1}.MicrosoftStore|ARM64.ActiveCfg = Debug|ARM64
		{01960488-C9F4-4444-A67D-75D5BDBBC2F1}.MicrosoftStore|ARM64.Build.0 = Debug|ARM64
		{01960488-C9F4-4444-A67D-75D5BDBBC2F1}.MicrosoftStore|ARM64.Deploy.0 = Debug|ARM64
		{01960488-C9F4-4444-A67D-75D5BDBBC2F1}.MicrosoftStore|x64.ActiveCfg = Debug|x64
		{01960488-C9F4-4444-A67D-75D5BDBBC2F1}.MicrosoftStore|x64.Build.0 = Debug|x64
		{01960488-C9F4-4444-A67D-75D5BDBBC2F1}.MicrosoftStore|x64.Deploy.0 = Debug|x64
		{01960488-C9F4-4444-A67D-75D5BDBBC2F1}.MicrosoftStore|x86.ActiveCfg = Debug|x86
		{01960488-C9F4-4444-A67D-75D5BDBBC2F1}.MicrosoftStore|x86.Build.0 = Debug|x86
		{01960488-C9F4-4444-A67D-75D5BDBBC2F1}.MicrosoftStore|x86.Deploy.0 = Debug|x86
		{01960488-C9F4-4444-A67D-75D5BDBBC2F1}.Portable|Any CPU.ActiveCfg = Release|Any CPU
		{01960488-C9F4-4444-A67D-75D5BDBBC2F1}.Portable|Any CPU.Build.0 = Release|Any CPU
		{01960488-C9F4-4444-A67D-75D5BDBBC2F1}.Portable|Any CPU.Deploy.0 = Release|Any CPU
		{01960488-C9F4-4444-A67D-75D5BDBBC2F1}.Portable|ARM.ActiveCfg = Debug|ARM
		{01960488-C9F4-4444-A67D-75D5BDBBC2F1}.Portable|ARM.Build.0 = Debug|ARM
		{01960488-C9F4-4444-A67D-75D5BDBBC2F1}.Portable|ARM.Deploy.0 = Debug|ARM
		{01960488-C9F4-4444-A67D-75D5BDBBC2F1}.Portable|ARM64.ActiveCfg = Debug|ARM64
		{01960488-C9F4-4444-A67D-75D5BDBBC2F1}.Portable|ARM64.Build.0 = Debug|ARM64
		{01960488-C9F4-4444-A67D-75D5BDBBC2F1}.Portable|ARM64.Deploy.0 = Debug|ARM64
		{01960488-C9F4-4444-A67D-75D5BDBBC2F1}.Portable|x64.ActiveCfg = Debug|x64
		{01960488-C9F4-4444-A67D-75D5BDBBC2F1}.Portable|x64.Build.0 = Debug|x64
		{01960488-C9F4-4444-A67D-75D5BDBBC2F1}.Portable|x64.Deploy.0 = Debug|x64
		{01960488-C9F4-4444-A67D-75D5BDBBC2F1}.Portable|x86.ActiveCfg = Debug|x86
		{01960488-C9F4-4444-A67D-75D5BDBBC2F1}.Portable|x86.Build.0 = Debug|x86
		{01960488-C9F4-4444-A67D-75D5BDBBC2F1}.Portable|x86.Deploy.0 = Debug|x86
		{01960488-C9F4-4444-A67D-75D5BDBBC2F1}.Release|Any CPU.ActiveCfg = Release|Any CPU
		{01960488-C9F4-4444-A67D-75D5BDBBC2F1}.Release|Any CPU.Build.0 = Release|Any CPU
		{01960488-C9F4-4444-A67D-75D5BDBBC2F1}.Release|Any CPU.Deploy.0 = Release|Any CPU
		{01960488-C9F4-4444-A67D-75D5BDBBC2F1}.Release|ARM.ActiveCfg = Release|ARM
		{01960488-C9F4-4444-A67D-75D5BDBBC2F1}.Release|ARM.Build.0 = Release|ARM
		{01960488-C9F4-4444-A67D-75D5BDBBC2F1}.Release|ARM.Deploy.0 = Release|ARM
		{01960488-C9F4-4444-A67D-75D5BDBBC2F1}.Release|ARM64.ActiveCfg = Release|ARM64
		{01960488-C9F4-4444-A67D-75D5BDBBC2F1}.Release|ARM64.Build.0 = Release|ARM64
		{01960488-C9F4-4444-A67D-75D5BDBBC2F1}.Release|ARM64.Deploy.0 = Release|ARM64
		{01960488-C9F4-4444-A67D-75D5BDBBC2F1}.Release|x64.ActiveCfg = Release|x64
		{01960488-C9F4-4444-A67D-75D5BDBBC2F1}.Release|x64.Build.0 = Release|x64
		{01960488-C9F4-4444-A67D-75D5BDBBC2F1}.Release|x64.Deploy.0 = Release|x64
		{01960488-C9F4-4444-A67D-75D5BDBBC2F1}.Release|x86.ActiveCfg = Release|x86
		{01960488-C9F4-4444-A67D-75D5BDBBC2F1}.Release|x86.Build.0 = Release|x86
		{01960488-C9F4-4444-A67D-75D5BDBBC2F1}.Release|x86.Deploy.0 = Release|x86
		{01960488-C9F4-4444-A67D-75D5BDBBC2F1}.SelfContained|Any CPU.ActiveCfg = Release|Any CPU
		{01960488-C9F4-4444-A67D-75D5BDBBC2F1}.SelfContained|Any CPU.Build.0 = Release|Any CPU
		{01960488-C9F4-4444-A67D-75D5BDBBC2F1}.SelfContained|Any CPU.Deploy.0 = Release|Any CPU
		{01960488-C9F4-4444-A67D-75D5BDBBC2F1}.SelfContained|ARM.ActiveCfg = Debug|ARM
		{01960488-C9F4-4444-A67D-75D5BDBBC2F1}.SelfContained|ARM.Build.0 = Debug|ARM
		{01960488-C9F4-4444-A67D-75D5BDBBC2F1}.SelfContained|ARM.Deploy.0 = Debug|ARM
		{01960488-C9F4-4444-A67D-75D5BDBBC2F1}.SelfContained|ARM64.ActiveCfg = Debug|ARM64
		{01960488-C9F4-4444-A67D-75D5BDBBC2F1}.SelfContained|ARM64.Build.0 = Debug|ARM64
		{01960488-C9F4-4444-A67D-75D5BDBBC2F1}.SelfContained|ARM64.Deploy.0 = Debug|ARM64
		{01960488-C9F4-4444-A67D-75D5BDBBC2F1}.SelfContained|x64.ActiveCfg = Debug|x64
		{01960488-C9F4-4444-A67D-75D5BDBBC2F1}.SelfContained|x64.Build.0 = Debug|x64
		{01960488-C9F4-4444-A67D-75D5BDBBC2F1}.SelfContained|x64.Deploy.0 = Debug|x64
		{01960488-C9F4-4444-A67D-75D5BDBBC2F1}.SelfContained|x86.ActiveCfg = Debug|x86
		{01960488-C9F4-4444-A67D-75D5BDBBC2F1}.SelfContained|x86.Build.0 = Debug|x86
		{01960488-C9F4-4444-A67D-75D5BDBBC2F1}.SelfContained|x86.Deploy.0 = Debug|x86
	EndGlobalSection
	GlobalSection(SolutionProperties) = preSolution
		HideSolutionNode = FALSE
	EndGlobalSection
	GlobalSection(ExtensibilityGlobals) = postSolution
		SolutionGuid = {AFEEBF04-4612-415E-ABA7-7FDBB9DCA956}
	EndGlobalSection
EndGlobal
