Microsoft Visual Studio Solution File, Format Version 12.00
# Visual Studio Version 17
VisualStudioVersion = 17.2.32602.215
MinimumVisualStudioVersion = 10.0.40219.1
Project("{9A19103F-16F7-4668-BE54-9A1E7A4F7556}") = "FriksyMouse.MaterialSkin", "src\FriskyMouse.MaterialSkin\FriksyMouse.MaterialSkin.csproj", "{8EB7611B-68CD-4B8B-987A-11717E2B250C}"
EndProject
Project("{9A19103F-16F7-4668-BE54-9A1E7A4F7556}") = "FriskyMouse.Drawing", "src\FriskyMouse.Drawing\FriskyMouse.Drawing.csproj", "{CFDEDB57-F245-4C59-B4A9-399ABEE95A6E}"
EndProject
Project("{9A19103F-16F7-4668-BE54-9A1E7A4F7556}") = "FriskyMouse", "src\FriskyMouse\FriskyMouse.csproj", "{6485BEA9-30E5-4109-8854-DDE377C0C76B}"
EndProject
Global
	GlobalSection(SolutionConfigurationPlatforms) = preSolution
		Debug|Any CPU = Debug|Any CPU
		Debug|x64 = Debug|x64
		Release|Any CPU = Release|Any CPU
		Release|x64 = Release|x64
	EndGlobalSection
	GlobalSection(ProjectConfigurationPlatforms) = postSolution
		{8EB7611B-68CD-4B8B-987A-11717E2B250C}.Debug|Any CPU.ActiveCfg = Debug|Any CPU
		{8EB7611B-68CD-4B8B-987A-11717E2B250C}.Debug|Any CPU.Build.0 = Debug|Any CPU
		{8EB7611B-68CD-4B8B-987A-11717E2B250C}.Debug|x64.ActiveCfg = Debug|Any CPU
		{8EB7611B-68CD-4B8B-987A-11717E2B250C}.Debug|x64.Build.0 = Debug|Any CPU
		{8EB7611B-68CD-4B8B-987A-11717E2B250C}.Release|Any CPU.ActiveCfg = Release|Any CPU
		{8EB7611B-68CD-4B8B-987A-11717E2B250C}.Release|Any CPU.Build.0 = Release|Any CPU
		{8EB7611B-68CD-4B8B-987A-11717E2B250C}.Release|x64.ActiveCfg = Release|Any CPU
		{8EB7611B-68CD-4B8B-987A-11717E2B250C}.Release|x64.Build.0 = Release|Any CPU
		{CFDEDB57-F245-4C59-B4A9-399ABEE95A6E}.Debug|Any CPU.ActiveCfg = Debug|Any CPU
		{CFDEDB57-F245-4C59-B4A9-399ABEE95A6E}.Debug|Any CPU.Build.0 = Debug|Any CPU
		{CFDEDB57-F245-4C59-B4A9-399ABEE95A6E}.Debug|x64.ActiveCfg = Debug|Any CPU
		{CFDEDB57-F245-4C59-B4A9-399ABEE95A6E}.Debug|x64.Build.0 = Debug|Any CPU
		{CFDEDB57-F245-4C59-B4A9-399ABEE95A6E}.Release|Any CPU.ActiveCfg = Release|Any CPU
		{CFDEDB57-F245-4C59-B4A9-399ABEE95A6E}.Release|Any CPU.Build.0 = Release|Any CPU
		{CFDEDB57-F245-4C59-B4A9-399ABEE95A6E}.Release|x64.ActiveCfg = Release|Any CPU
		{CFDEDB57-F245-4C59-B4A9-399ABEE95A6E}.Release|x64.Build.0 = Release|Any CPU
		{6485BEA9-30E5-4109-8854-DDE377C0C76B}.Debug|Any CPU.ActiveCfg = Debug|Any CPU
		{6485BEA9-30E5-4109-8854-DDE377C0C76B}.Debug|Any CPU.Build.0 = Debug|Any CPU
		{6485BEA9-30E5-4109-8854-DDE377C0C76B}.Debug|x64.ActiveCfg = Debug|Any CPU
		{6485BEA9-30E5-4109-8854-DDE377C0C76B}.Debug|x64.Build.0 = Debug|Any CPU
		{6485BEA9-30E5-4109-8854-DDE377C0C76B}.Release|Any CPU.ActiveCfg = Release|Any CPU
		{6485BEA9-30E5-4109-8854-DDE377C0C76B}.Release|Any CPU.Build.0 = Release|Any CPU
		{6485BEA9-30E5-4109-8854-DDE377C0C76B}.Release|x64.ActiveCfg = Release|x64
		{6485BEA9-30E5-4109-8854-DDE377C0C76B}.Release|x64.Build.0 = Release|x64
	EndGlobalSection
	GlobalSection(SolutionProperties) = preSolution
		HideSolutionNode = FALSE
	EndGlobalSection
	GlobalSection(ExtensibilityGlobals) = postSolution
		SolutionGuid = {AFEEBF04-4612-415E-ABA7-7FDBB9DCA956}
	EndGlobalSection
EndGlobal
